// !$*UTF8*$!
{
	archiveVersion = 1;
	classes = {
	};
	objectVersion = 46;
	objects = {

/* Begin PBXBuildFile section */
		008F07F31AC5B25A0029DE68 /* main.jsbundle in Resources */ = {isa = PBXBuildFile; fileRef = 008F07F21AC5B25A0029DE68 /* main.jsbundle */; };
		00C302E51ABCBA2D00DB3ED1 /* libRCTActionSheet.a in Frameworks */ = {isa = PBXBuildFile; fileRef = 00C302AC1ABCB8CE00DB3ED1 /* libRCTActionSheet.a */; };
		00C302E61ABCBA2D00DB3ED1 /* libRCTAdSupport.a in Frameworks */ = {isa = PBXBuildFile; fileRef = 00C302B41ABCB8E700DB3ED1 /* libRCTAdSupport.a */; };
		00C302E71ABCBA2D00DB3ED1 /* libRCTGeolocation.a in Frameworks */ = {isa = PBXBuildFile; fileRef = 00C302BA1ABCB90400DB3ED1 /* libRCTGeolocation.a */; };
		00C302E81ABCBA2D00DB3ED1 /* libRCTImage.a in Frameworks */ = {isa = PBXBuildFile; fileRef = 00C302C01ABCB91800DB3ED1 /* libRCTImage.a */; };
		00C302E91ABCBA2D00DB3ED1 /* libRCTNetwork.a in Frameworks */ = {isa = PBXBuildFile; fileRef = 00C302DC1ABCB9D200DB3ED1 /* libRCTNetwork.a */; };
		00C302EA1ABCBA2D00DB3ED1 /* libRCTVibration.a in Frameworks */ = {isa = PBXBuildFile; fileRef = 00C302E41ABCB9EE00DB3ED1 /* libRCTVibration.a */; };
		00E356F31AD99517003FC87E /* QueUpTests.m in Sources */ = {isa = PBXBuildFile; fileRef = 00E356F21AD99517003FC87E /* QueUpTests.m */; };
		133E29F31AD74F7200F7D852 /* libRCTLinking.a in Frameworks */ = {isa = PBXBuildFile; fileRef = 78C398B91ACF4ADC00677621 /* libRCTLinking.a */; };
		139105C61AF99C1200B5F7CC /* libRCTSettings.a in Frameworks */ = {isa = PBXBuildFile; fileRef = 139105C11AF99BAD00B5F7CC /* libRCTSettings.a */; };
		139FDEF61B0652A700C62182 /* libRCTWebSocket.a in Frameworks */ = {isa = PBXBuildFile; fileRef = 139FDEF41B06529B00C62182 /* libRCTWebSocket.a */; };
		13B07FBC1A68108700A75B9A /* AppDelegate.m in Sources */ = {isa = PBXBuildFile; fileRef = 13B07FB01A68108700A75B9A /* AppDelegate.m */; };
		13B07FBF1A68108700A75B9A /* Images.xcassets in Resources */ = {isa = PBXBuildFile; fileRef = 13B07FB51A68108700A75B9A /* Images.xcassets */; };
		13B07FC11A68108700A75B9A /* main.m in Sources */ = {isa = PBXBuildFile; fileRef = 13B07FB71A68108700A75B9A /* main.m */; };
		146834051AC3E58100842450 /* libReact.a in Frameworks */ = {isa = PBXBuildFile; fileRef = 146834041AC3E56700842450 /* libReact.a */; };
		3217772E1B0EFE8E00FCBBF0 /* Socket.swift in Sources */ = {isa = PBXBuildFile; fileRef = 3217771D1B0EFE8E00FCBBF0 /* Socket.swift */; };
		3217772F1B0EFE8E00FCBBF0 /* SocketBridge.m in Sources */ = {isa = PBXBuildFile; fileRef = 3217771F1B0EFE8E00FCBBF0 /* SocketBridge.m */; };
		321777301B0EFE8E00FCBBF0 /* SocketAckManager.swift in Sources */ = {isa = PBXBuildFile; fileRef = 321777211B0EFE8E00FCBBF0 /* SocketAckManager.swift */; };
		321777311B0EFE8E00FCBBF0 /* SocketAnyEvent.swift in Sources */ = {isa = PBXBuildFile; fileRef = 321777221B0EFE8E00FCBBF0 /* SocketAnyEvent.swift */; };
		321777321B0EFE8E00FCBBF0 /* SocketEngine.swift in Sources */ = {isa = PBXBuildFile; fileRef = 321777231B0EFE8E00FCBBF0 /* SocketEngine.swift */; };
		321777331B0EFE8E00FCBBF0 /* SocketEngineClient.swift in Sources */ = {isa = PBXBuildFile; fileRef = 321777241B0EFE8E00FCBBF0 /* SocketEngineClient.swift */; };
		321777341B0EFE8E00FCBBF0 /* SocketEventHandler.swift in Sources */ = {isa = PBXBuildFile; fileRef = 321777251B0EFE8E00FCBBF0 /* SocketEventHandler.swift */; };
		321777351B0EFE8E00FCBBF0 /* SocketFixUTF8.swift in Sources */ = {isa = PBXBuildFile; fileRef = 321777261B0EFE8E00FCBBF0 /* SocketFixUTF8.swift */; };
		321777361B0EFE8E00FCBBF0 /* SocketIOClient.swift in Sources */ = {isa = PBXBuildFile; fileRef = 321777271B0EFE8E00FCBBF0 /* SocketIOClient.swift */; };
		321777371B0EFE8E00FCBBF0 /* SocketLogger.swift in Sources */ = {isa = PBXBuildFile; fileRef = 321777281B0EFE8E00FCBBF0 /* SocketLogger.swift */; };
		321777381B0EFE8E00FCBBF0 /* SocketPacket.swift in Sources */ = {isa = PBXBuildFile; fileRef = 321777291B0EFE8E00FCBBF0 /* SocketPacket.swift */; };
		321777391B0EFE8E00FCBBF0 /* SocketParser.swift in Sources */ = {isa = PBXBuildFile; fileRef = 3217772A1B0EFE8E00FCBBF0 /* SocketParser.swift */; };
		3217773A1B0EFE8E00FCBBF0 /* SocketTypes.swift in Sources */ = {isa = PBXBuildFile; fileRef = 3217772B1B0EFE8E00FCBBF0 /* SocketTypes.swift */; };
		3217773B1B0EFE8E00FCBBF0 /* SwiftRegex.swift in Sources */ = {isa = PBXBuildFile; fileRef = 3217772C1B0EFE8E00FCBBF0 /* SwiftRegex.swift */; };
		3217773C1B0EFE8E00FCBBF0 /* WebSocket.swift in Sources */ = {isa = PBXBuildFile; fileRef = 3217772D1B0EFE8E00FCBBF0 /* WebSocket.swift */; };
		3276DB361B1CD28700096F4A /* FacebookLoginManager.m in Sources */ = {isa = PBXBuildFile; fileRef = 3276DB351B1CD28700096F4A /* FacebookLoginManager.m */; };
		3276DB491B1CD32A00096F4A /* Bolts.framework in Frameworks */ = {isa = PBXBuildFile; fileRef = 3276DB431B1CD32A00096F4A /* Bolts.framework */; };
		3276DB4B1B1CD32A00096F4A /* FBSDKCoreKit.framework in Frameworks */ = {isa = PBXBuildFile; fileRef = 3276DB451B1CD32A00096F4A /* FBSDKCoreKit.framework */; };
		3276DB4C1B1CD32A00096F4A /* FBSDKLoginKit.framework in Frameworks */ = {isa = PBXBuildFile; fileRef = 3276DB461B1CD32A00096F4A /* FBSDKLoginKit.framework */; };
		832341BD1AAA6AB300B99B32 /* libRCTText.a in Frameworks */ = {isa = PBXBuildFile; fileRef = 832341B51AAA6A8300B99B32 /* libRCTText.a */; };
		8B24749E1B1398DD00CF9000 /* libRCTVideo.a in Frameworks */ = {isa = PBXBuildFile; fileRef = 8B24749D1B13989D00CF9000 /* libRCTVideo.a */; };
		8B749E9A1B1BA0E200D360EF /* Sinch.framework in Frameworks */ = {isa = PBXBuildFile; fileRef = 8B749E991B1BA0E200D360EF /* Sinch.framework */; };
		8B749EAA1B1BA0FA00D360EF /* AudioToolbox.framework in Frameworks */ = {isa = PBXBuildFile; fileRef = 8B749EA91B1BA0FA00D360EF /* AudioToolbox.framework */; };
		8B749EAC1B1BA10100D360EF /* AVFoundation.framework in Frameworks */ = {isa = PBXBuildFile; fileRef = 8B749EAB1B1BA10100D360EF /* AVFoundation.framework */; };
		8B749EAE1B1BA10700D360EF /* Security.framework in Frameworks */ = {isa = PBXBuildFile; fileRef = 8B749EAD1B1BA10700D360EF /* Security.framework */; };
		8B749EB01B1BA1DA00D360EF /* Mic.storyboard in Resources */ = {isa = PBXBuildFile; fileRef = 8B749EAF1B1BA1DA00D360EF /* Mic.storyboard */; };
		8B749EB61B1BA31100D360EF /* MicViewViewController.m in Sources */ = {isa = PBXBuildFile; fileRef = 8B749EB51B1BA31100D360EF /* MicViewViewController.m */; };
		8B749EB91B1BA70C00D360EF /* NativeViewBridge.m in Sources */ = {isa = PBXBuildFile; fileRef = 8B749EB81B1BA70C00D360EF /* NativeViewBridge.m */; };
		8B749EBC1B1BAA8400D360EF /* ViewController.m in Sources */ = {isa = PBXBuildFile; fileRef = 8B749EBB1B1BAA8400D360EF /* ViewController.m */; };
		8B749EC51B1BBEF700D360EF /* libRNChart.a in Frameworks */ = {isa = PBXBuildFile; fileRef = 8B749EC41B1BBEE700D360EF /* libRNChart.a */; };
		8B8D522E1B10324F00157C20 /* libReactNativeIcons.a in Frameworks */ = {isa = PBXBuildFile; fileRef = 8B8D522D1B10322E00157C20 /* libReactNativeIcons.a */; };
		8B8D523E1B1032CB00157C20 /* FAKFontAwesome.h in Resources */ = {isa = PBXBuildFile; fileRef = 8B8D522F1B1032CB00157C20 /* FAKFontAwesome.h */; };
		8B8D523F1B1032CB00157C20 /* FAKFontAwesome.m in Resources */ = {isa = PBXBuildFile; fileRef = 8B8D52301B1032CB00157C20 /* FAKFontAwesome.m */; };
		8B8D52401B1032CB00157C20 /* FAKFoundationIcons.h in Resources */ = {isa = PBXBuildFile; fileRef = 8B8D52311B1032CB00157C20 /* FAKFoundationIcons.h */; };
		8B8D52411B1032CB00157C20 /* FAKFoundationIcons.m in Resources */ = {isa = PBXBuildFile; fileRef = 8B8D52321B1032CB00157C20 /* FAKFoundationIcons.m */; };
		8B8D52421B1032CB00157C20 /* FAKIcon.h in Resources */ = {isa = PBXBuildFile; fileRef = 8B8D52331B1032CB00157C20 /* FAKIcon.h */; };
		8B8D52431B1032CB00157C20 /* FAKIcon.m in Resources */ = {isa = PBXBuildFile; fileRef = 8B8D52341B1032CB00157C20 /* FAKIcon.m */; };
		8B8D52441B1032CB00157C20 /* FAKIonIcons.h in Resources */ = {isa = PBXBuildFile; fileRef = 8B8D52351B1032CB00157C20 /* FAKIonIcons.h */; };
		8B8D52451B1032CB00157C20 /* FAKIonIcons.m in Resources */ = {isa = PBXBuildFile; fileRef = 8B8D52361B1032CB00157C20 /* FAKIonIcons.m */; };
		8B8D52461B1032CB00157C20 /* FAKZocial.h in Resources */ = {isa = PBXBuildFile; fileRef = 8B8D52371B1032CB00157C20 /* FAKZocial.h */; };
		8B8D52471B1032CB00157C20 /* FAKZocial.m in Resources */ = {isa = PBXBuildFile; fileRef = 8B8D52381B1032CB00157C20 /* FAKZocial.m */; };
		8B8D52481B1032CB00157C20 /* FontAwesome.otf in Resources */ = {isa = PBXBuildFile; fileRef = 8B8D52391B1032CB00157C20 /* FontAwesome.otf */; };
		8B8D52491B1032CB00157C20 /* FontAwesomeKit.h in Resources */ = {isa = PBXBuildFile; fileRef = 8B8D523A1B1032CB00157C20 /* FontAwesomeKit.h */; };
		8B8D524A1B1032CB00157C20 /* foundation-icons.ttf in Resources */ = {isa = PBXBuildFile; fileRef = 8B8D523B1B1032CB00157C20 /* foundation-icons.ttf */; };
		8B8D524B1B1032CB00157C20 /* ionicons.ttf in Resources */ = {isa = PBXBuildFile; fileRef = 8B8D523C1B1032CB00157C20 /* ionicons.ttf */; };
		8B8D524C1B1032CB00157C20 /* zocial-regular-webfont.ttf in Resources */ = {isa = PBXBuildFile; fileRef = 8B8D523D1B1032CB00157C20 /* zocial-regular-webfont.ttf */; };
		8BF024E31B12AF41007D7C7A /* libRCTAnimationExperimental.a in Frameworks */ = {isa = PBXBuildFile; fileRef = 8BF024D81B12AE9C007D7C7A /* libRCTAnimationExperimental.a */; };
/* End PBXBuildFile section */

/* Begin PBXContainerItemProxy section */
		00C302AB1ABCB8CE00DB3ED1 /* PBXContainerItemProxy */ = {
			isa = PBXContainerItemProxy;
			containerPortal = 00C302A71ABCB8CE00DB3ED1 /* RCTActionSheet.xcodeproj */;
			proxyType = 2;
			remoteGlobalIDString = 134814201AA4EA6300B7C361;
			remoteInfo = RCTActionSheet;
		};
		00C302B31ABCB8E700DB3ED1 /* PBXContainerItemProxy */ = {
			isa = PBXContainerItemProxy;
			containerPortal = 00C302AF1ABCB8E700DB3ED1 /* RCTAdSupport.xcodeproj */;
			proxyType = 2;
			remoteGlobalIDString = 832C81801AAF6DEF007FA2F7;
			remoteInfo = RCTAdSupport;
		};
		00C302B91ABCB90400DB3ED1 /* PBXContainerItemProxy */ = {
			isa = PBXContainerItemProxy;
			containerPortal = 00C302B51ABCB90400DB3ED1 /* RCTGeolocation.xcodeproj */;
			proxyType = 2;
			remoteGlobalIDString = 134814201AA4EA6300B7C361;
			remoteInfo = RCTGeolocation;
		};
		00C302BF1ABCB91800DB3ED1 /* PBXContainerItemProxy */ = {
			isa = PBXContainerItemProxy;
			containerPortal = 00C302BB1ABCB91800DB3ED1 /* RCTImage.xcodeproj */;
			proxyType = 2;
			remoteGlobalIDString = 58B5115D1A9E6B3D00147676;
			remoteInfo = RCTImage;
		};
		00C302DB1ABCB9D200DB3ED1 /* PBXContainerItemProxy */ = {
			isa = PBXContainerItemProxy;
			containerPortal = 00C302D31ABCB9D200DB3ED1 /* RCTNetwork.xcodeproj */;
			proxyType = 2;
			remoteGlobalIDString = 58B511DB1A9E6C8500147676;
			remoteInfo = RCTNetwork;
		};
		00C302E31ABCB9EE00DB3ED1 /* PBXContainerItemProxy */ = {
			isa = PBXContainerItemProxy;
			containerPortal = 00C302DF1ABCB9EE00DB3ED1 /* RCTVibration.xcodeproj */;
			proxyType = 2;
			remoteGlobalIDString = 832C81801AAF6DEF007FA2F7;
			remoteInfo = RCTVibration;
		};
		00E356F41AD99517003FC87E /* PBXContainerItemProxy */ = {
			isa = PBXContainerItemProxy;
			containerPortal = 83CBB9F71A601CBA00E9B192 /* Project object */;
			proxyType = 1;
			remoteGlobalIDString = 13B07F861A680F5B00A75B9A;
			remoteInfo = QueUp;
		};
		139105C01AF99BAD00B5F7CC /* PBXContainerItemProxy */ = {
			isa = PBXContainerItemProxy;
			containerPortal = 139105B61AF99BAD00B5F7CC /* RCTSettings.xcodeproj */;
			proxyType = 2;
			remoteGlobalIDString = 134814201AA4EA6300B7C361;
			remoteInfo = RCTSettings;
		};
		139FDEF31B06529B00C62182 /* PBXContainerItemProxy */ = {
			isa = PBXContainerItemProxy;
			containerPortal = 139FDEE61B06529A00C62182 /* RCTWebSocket.xcodeproj */;
			proxyType = 2;
			remoteGlobalIDString = 3C86DF461ADF2C930047B81A;
			remoteInfo = RCTWebSocket;
		};
		146834031AC3E56700842450 /* PBXContainerItemProxy */ = {
			isa = PBXContainerItemProxy;
			containerPortal = 146833FF1AC3E56700842450 /* React.xcodeproj */;
			proxyType = 2;
			remoteGlobalIDString = 83CBBA2E1A601D0E00E9B192;
			remoteInfo = React;
		};
		78C398B81ACF4ADC00677621 /* PBXContainerItemProxy */ = {
			isa = PBXContainerItemProxy;
			containerPortal = 78C398B01ACF4ADC00677621 /* RCTLinking.xcodeproj */;
			proxyType = 2;
			remoteGlobalIDString = 134814201AA4EA6300B7C361;
			remoteInfo = RCTLinking;
		};
		832341B41AAA6A8300B99B32 /* PBXContainerItemProxy */ = {
			isa = PBXContainerItemProxy;
			containerPortal = 832341B01AAA6A8300B99B32 /* RCTText.xcodeproj */;
			proxyType = 2;
			remoteGlobalIDString = 58B5119B1A9E6C1200147676;
			remoteInfo = RCTText;
		};
		8B24749C1B13989D00CF9000 /* PBXContainerItemProxy */ = {
			isa = PBXContainerItemProxy;
			containerPortal = 8B2474981B13989D00CF9000 /* RCTVideo.xcodeproj */;
			proxyType = 2;
			remoteGlobalIDString = 134814201AA4EA6300B7C361;
			remoteInfo = RCTVideo;
		};
		8B749EC31B1BBEE700D360EF /* PBXContainerItemProxy */ = {
			isa = PBXContainerItemProxy;
			containerPortal = 8B749EBF1B1BBEE700D360EF /* RNChart.xcodeproj */;
			proxyType = 2;
			remoteGlobalIDString = 41FDC4F01AF5D0CF00DBBA9C;
			remoteInfo = RNChart;
		};
		8B8D522C1B10322E00157C20 /* PBXContainerItemProxy */ = {
			isa = PBXContainerItemProxy;
			containerPortal = 8B8D521D1B10322E00157C20 /* ReactNativeIcons.xcodeproj */;
			proxyType = 2;
			remoteGlobalIDString = 2F5A3EB81ACDBF8000439386;
			remoteInfo = ReactNativeIcons;
		};
		8BF024D71B12AE9C007D7C7A /* PBXContainerItemProxy */ = {
			isa = PBXContainerItemProxy;
			containerPortal = 8BF024D11B12AE9C007D7C7A /* RCTAnimationExperimental.xcodeproj */;
			proxyType = 2;
			remoteGlobalIDString = 134814201AA4EA6300B7C361;
			remoteInfo = RCTAnimationExperimental;
		};
/* End PBXContainerItemProxy section */

/* Begin PBXFileReference section */
		008F07F21AC5B25A0029DE68 /* main.jsbundle */ = {isa = PBXFileReference; fileEncoding = 4; lastKnownFileType = text; name = main.jsbundle; path = iOS/main.jsbundle; sourceTree = "<group>"; };
		00C302A71ABCB8CE00DB3ED1 /* RCTActionSheet.xcodeproj */ = {isa = PBXFileReference; lastKnownFileType = "wrapper.pb-project"; name = RCTActionSheet.xcodeproj; path = "node_modules/react-native/Libraries/ActionSheetIOS/RCTActionSheet.xcodeproj"; sourceTree = "<group>"; };
		00C302AF1ABCB8E700DB3ED1 /* RCTAdSupport.xcodeproj */ = {isa = PBXFileReference; lastKnownFileType = "wrapper.pb-project"; name = RCTAdSupport.xcodeproj; path = "node_modules/react-native/Libraries/AdSupport/RCTAdSupport.xcodeproj"; sourceTree = "<group>"; };
		00C302B51ABCB90400DB3ED1 /* RCTGeolocation.xcodeproj */ = {isa = PBXFileReference; lastKnownFileType = "wrapper.pb-project"; name = RCTGeolocation.xcodeproj; path = "node_modules/react-native/Libraries/Geolocation/RCTGeolocation.xcodeproj"; sourceTree = "<group>"; };
		00C302BB1ABCB91800DB3ED1 /* RCTImage.xcodeproj */ = {isa = PBXFileReference; lastKnownFileType = "wrapper.pb-project"; name = RCTImage.xcodeproj; path = "node_modules/react-native/Libraries/Image/RCTImage.xcodeproj"; sourceTree = "<group>"; };
		00C302D31ABCB9D200DB3ED1 /* RCTNetwork.xcodeproj */ = {isa = PBXFileReference; lastKnownFileType = "wrapper.pb-project"; name = RCTNetwork.xcodeproj; path = "node_modules/react-native/Libraries/Network/RCTNetwork.xcodeproj"; sourceTree = "<group>"; };
		00C302DF1ABCB9EE00DB3ED1 /* RCTVibration.xcodeproj */ = {isa = PBXFileReference; lastKnownFileType = "wrapper.pb-project"; name = RCTVibration.xcodeproj; path = "node_modules/react-native/Libraries/Vibration/RCTVibration.xcodeproj"; sourceTree = "<group>"; };
		00E356EE1AD99517003FC87E /* QueUpTests.xctest */ = {isa = PBXFileReference; explicitFileType = wrapper.cfbundle; includeInIndex = 0; path = QueUpTests.xctest; sourceTree = BUILT_PRODUCTS_DIR; };
		00E356F11AD99517003FC87E /* Info.plist */ = {isa = PBXFileReference; lastKnownFileType = text.plist.xml; path = Info.plist; sourceTree = "<group>"; };
		00E356F21AD99517003FC87E /* QueUpTests.m */ = {isa = PBXFileReference; lastKnownFileType = sourcecode.c.objc; path = QueUpTests.m; sourceTree = "<group>"; };
		139105B61AF99BAD00B5F7CC /* RCTSettings.xcodeproj */ = {isa = PBXFileReference; lastKnownFileType = "wrapper.pb-project"; name = RCTSettings.xcodeproj; path = "node_modules/react-native/Libraries/Settings/RCTSettings.xcodeproj"; sourceTree = "<group>"; };
		139FDEE61B06529A00C62182 /* RCTWebSocket.xcodeproj */ = {isa = PBXFileReference; lastKnownFileType = "wrapper.pb-project"; name = RCTWebSocket.xcodeproj; path = "node_modules/react-native/Libraries/WebSocket/RCTWebSocket.xcodeproj"; sourceTree = "<group>"; };
		13B07F961A680F5B00A75B9A /* QueUp.app */ = {isa = PBXFileReference; explicitFileType = wrapper.application; includeInIndex = 0; path = QueUp.app; sourceTree = BUILT_PRODUCTS_DIR; };
		13B07FAF1A68108700A75B9A /* AppDelegate.h */ = {isa = PBXFileReference; fileEncoding = 4; lastKnownFileType = sourcecode.c.h; name = AppDelegate.h; path = iOS/AppDelegate.h; sourceTree = "<group>"; };
		13B07FB01A68108700A75B9A /* AppDelegate.m */ = {isa = PBXFileReference; fileEncoding = 4; lastKnownFileType = sourcecode.c.objc; name = AppDelegate.m; path = iOS/AppDelegate.m; sourceTree = "<group>"; };
		13B07FB51A68108700A75B9A /* Images.xcassets */ = {isa = PBXFileReference; lastKnownFileType = folder.assetcatalog; name = Images.xcassets; path = iOS/Images.xcassets; sourceTree = "<group>"; };
		13B07FB61A68108700A75B9A /* Info.plist */ = {isa = PBXFileReference; fileEncoding = 4; lastKnownFileType = text.plist.xml; name = Info.plist; path = iOS/Info.plist; sourceTree = "<group>"; };
		13B07FB71A68108700A75B9A /* main.m */ = {isa = PBXFileReference; fileEncoding = 4; lastKnownFileType = sourcecode.c.objc; name = main.m; path = iOS/main.m; sourceTree = "<group>"; };
		146833FF1AC3E56700842450 /* React.xcodeproj */ = {isa = PBXFileReference; lastKnownFileType = "wrapper.pb-project"; name = React.xcodeproj; path = "node_modules/react-native/React/React.xcodeproj"; sourceTree = "<group>"; };
		3217771D1B0EFE8E00FCBBF0 /* Socket.swift */ = {isa = PBXFileReference; fileEncoding = 4; lastKnownFileType = sourcecode.swift; path = Socket.swift; sourceTree = "<group>"; };
		3217771E1B0EFE8E00FCBBF0 /* SocketBridge.h */ = {isa = PBXFileReference; fileEncoding = 4; lastKnownFileType = sourcecode.c.h; path = SocketBridge.h; sourceTree = "<group>"; };
		3217771F1B0EFE8E00FCBBF0 /* SocketBridge.m */ = {isa = PBXFileReference; fileEncoding = 4; lastKnownFileType = sourcecode.c.objc; path = SocketBridge.m; sourceTree = "<group>"; };
		321777211B0EFE8E00FCBBF0 /* SocketAckManager.swift */ = {isa = PBXFileReference; fileEncoding = 4; lastKnownFileType = sourcecode.swift; path = SocketAckManager.swift; sourceTree = "<group>"; };
		321777221B0EFE8E00FCBBF0 /* SocketAnyEvent.swift */ = {isa = PBXFileReference; fileEncoding = 4; lastKnownFileType = sourcecode.swift; path = SocketAnyEvent.swift; sourceTree = "<group>"; };
		321777231B0EFE8E00FCBBF0 /* SocketEngine.swift */ = {isa = PBXFileReference; fileEncoding = 4; lastKnownFileType = sourcecode.swift; path = SocketEngine.swift; sourceTree = "<group>"; };
		321777241B0EFE8E00FCBBF0 /* SocketEngineClient.swift */ = {isa = PBXFileReference; fileEncoding = 4; lastKnownFileType = sourcecode.swift; path = SocketEngineClient.swift; sourceTree = "<group>"; };
		321777251B0EFE8E00FCBBF0 /* SocketEventHandler.swift */ = {isa = PBXFileReference; fileEncoding = 4; lastKnownFileType = sourcecode.swift; path = SocketEventHandler.swift; sourceTree = "<group>"; };
		321777261B0EFE8E00FCBBF0 /* SocketFixUTF8.swift */ = {isa = PBXFileReference; fileEncoding = 4; lastKnownFileType = sourcecode.swift; path = SocketFixUTF8.swift; sourceTree = "<group>"; };
		321777271B0EFE8E00FCBBF0 /* SocketIOClient.swift */ = {isa = PBXFileReference; fileEncoding = 4; lastKnownFileType = sourcecode.swift; path = SocketIOClient.swift; sourceTree = "<group>"; };
		321777281B0EFE8E00FCBBF0 /* SocketLogger.swift */ = {isa = PBXFileReference; fileEncoding = 4; lastKnownFileType = sourcecode.swift; path = SocketLogger.swift; sourceTree = "<group>"; };
		321777291B0EFE8E00FCBBF0 /* SocketPacket.swift */ = {isa = PBXFileReference; fileEncoding = 4; lastKnownFileType = sourcecode.swift; path = SocketPacket.swift; sourceTree = "<group>"; };
		3217772A1B0EFE8E00FCBBF0 /* SocketParser.swift */ = {isa = PBXFileReference; fileEncoding = 4; lastKnownFileType = sourcecode.swift; path = SocketParser.swift; sourceTree = "<group>"; };
		3217772B1B0EFE8E00FCBBF0 /* SocketTypes.swift */ = {isa = PBXFileReference; fileEncoding = 4; lastKnownFileType = sourcecode.swift; path = SocketTypes.swift; sourceTree = "<group>"; };
		3217772C1B0EFE8E00FCBBF0 /* SwiftRegex.swift */ = {isa = PBXFileReference; fileEncoding = 4; lastKnownFileType = sourcecode.swift; path = SwiftRegex.swift; sourceTree = "<group>"; };
		3217772D1B0EFE8E00FCBBF0 /* WebSocket.swift */ = {isa = PBXFileReference; fileEncoding = 4; lastKnownFileType = sourcecode.swift; path = WebSocket.swift; sourceTree = "<group>"; };
		3276DB341B1CD28700096F4A /* FacebookLoginManager.h */ = {isa = PBXFileReference; fileEncoding = 4; lastKnownFileType = sourcecode.c.h; path = FacebookLoginManager.h; sourceTree = "<group>"; };
		3276DB351B1CD28700096F4A /* FacebookLoginManager.m */ = {isa = PBXFileReference; fileEncoding = 4; lastKnownFileType = sourcecode.c.objc; path = FacebookLoginManager.m; sourceTree = "<group>"; };
		3276DB431B1CD32A00096F4A /* Bolts.framework */ = {isa = PBXFileReference; lastKnownFileType = wrapper.framework; name = Bolts.framework; path = ../../../FacebookSDK/Bolts.framework; sourceTree = "<group>"; };
		3276DB451B1CD32A00096F4A /* FBSDKCoreKit.framework */ = {isa = PBXFileReference; lastKnownFileType = wrapper.framework; name = FBSDKCoreKit.framework; path = ../../../FacebookSDK/FBSDKCoreKit.framework; sourceTree = "<group>"; };
		3276DB461B1CD32A00096F4A /* FBSDKLoginKit.framework */ = {isa = PBXFileReference; lastKnownFileType = wrapper.framework; name = FBSDKLoginKit.framework; path = ../../../FacebookSDK/FBSDKLoginKit.framework; sourceTree = "<group>"; };
		78C398B01ACF4ADC00677621 /* RCTLinking.xcodeproj */ = {isa = PBXFileReference; lastKnownFileType = "wrapper.pb-project"; name = RCTLinking.xcodeproj; path = "node_modules/react-native/Libraries/LinkingIOS/RCTLinking.xcodeproj"; sourceTree = "<group>"; };
		832341B01AAA6A8300B99B32 /* RCTText.xcodeproj */ = {isa = PBXFileReference; lastKnownFileType = "wrapper.pb-project"; name = RCTText.xcodeproj; path = "node_modules/react-native/Libraries/Text/RCTText.xcodeproj"; sourceTree = "<group>"; };
		8B2474981B13989D00CF9000 /* RCTVideo.xcodeproj */ = {isa = PBXFileReference; lastKnownFileType = "wrapper.pb-project"; name = RCTVideo.xcodeproj; path = "node_modules/react-native-video/RCTVideo.xcodeproj"; sourceTree = "<group>"; };
		8B749E991B1BA0E200D360EF /* Sinch.framework */ = {isa = PBXFileReference; lastKnownFileType = wrapper.framework; path = Sinch.framework; sourceTree = "<group>"; };
		8B749EA91B1BA0FA00D360EF /* AudioToolbox.framework */ = {isa = PBXFileReference; lastKnownFileType = wrapper.framework; name = AudioToolbox.framework; path = System/Library/Frameworks/AudioToolbox.framework; sourceTree = SDKROOT; };
		8B749EAB1B1BA10100D360EF /* AVFoundation.framework */ = {isa = PBXFileReference; lastKnownFileType = wrapper.framework; name = AVFoundation.framework; path = System/Library/Frameworks/AVFoundation.framework; sourceTree = SDKROOT; };
		8B749EAD1B1BA10700D360EF /* Security.framework */ = {isa = PBXFileReference; lastKnownFileType = wrapper.framework; name = Security.framework; path = System/Library/Frameworks/Security.framework; sourceTree = SDKROOT; };
		8B749EAF1B1BA1DA00D360EF /* Mic.storyboard */ = {isa = PBXFileReference; fileEncoding = 4; lastKnownFileType = file.storyboard; path = Mic.storyboard; sourceTree = "<group>"; };
		8B749EB41B1BA31100D360EF /* MicViewViewController.h */ = {isa = PBXFileReference; fileEncoding = 4; lastKnownFileType = sourcecode.c.h; name = MicViewViewController.h; path = iOS/MicViewViewController.h; sourceTree = "<group>"; };
		8B749EB51B1BA31100D360EF /* MicViewViewController.m */ = {isa = PBXFileReference; fileEncoding = 4; lastKnownFileType = sourcecode.c.objc; name = MicViewViewController.m; path = iOS/MicViewViewController.m; sourceTree = "<group>"; };
		8B749EB71B1BA70C00D360EF /* NativeViewBridge.h */ = {isa = PBXFileReference; fileEncoding = 4; lastKnownFileType = sourcecode.c.h; name = NativeViewBridge.h; path = iOS/NativeViewBridge.h; sourceTree = "<group>"; };
		8B749EB81B1BA70C00D360EF /* NativeViewBridge.m */ = {isa = PBXFileReference; fileEncoding = 4; lastKnownFileType = sourcecode.c.objc; name = NativeViewBridge.m; path = iOS/NativeViewBridge.m; sourceTree = "<group>"; };
		8B749EBA1B1BAA8400D360EF /* ViewController.h */ = {isa = PBXFileReference; fileEncoding = 4; lastKnownFileType = sourcecode.c.h; name = ViewController.h; path = iOS/ViewController.h; sourceTree = "<group>"; };
		8B749EBB1B1BAA8400D360EF /* ViewController.m */ = {isa = PBXFileReference; fileEncoding = 4; lastKnownFileType = sourcecode.c.objc; name = ViewController.m; path = iOS/ViewController.m; sourceTree = "<group>"; };
		8B749EBF1B1BBEE700D360EF /* RNChart.xcodeproj */ = {isa = PBXFileReference; lastKnownFileType = "wrapper.pb-project"; name = RNChart.xcodeproj; path = "node_modules/react-native-chart/RNChart.xcodeproj"; sourceTree = "<group>"; };
		8B8D521D1B10322E00157C20 /* ReactNativeIcons.xcodeproj */ = {isa = PBXFileReference; lastKnownFileType = "wrapper.pb-project"; name = ReactNativeIcons.xcodeproj; path = "node_modules/react-native-icons/ios/ReactNativeIcons.xcodeproj"; sourceTree = "<group>"; };
		8B8D522F1B1032CB00157C20 /* FAKFontAwesome.h */ = {isa = PBXFileReference; lastKnownFileType = sourcecode.c.h; name = FAKFontAwesome.h; path = "node_modules/react-native-icons/ios/ReactNativeIcons/Libraries/FontAwesomeKit/FAKFontAwesome.h"; sourceTree = "<group>"; };
		8B8D52301B1032CB00157C20 /* FAKFontAwesome.m */ = {isa = PBXFileReference; lastKnownFileType = sourcecode.c.objc; name = FAKFontAwesome.m; path = "node_modules/react-native-icons/ios/ReactNativeIcons/Libraries/FontAwesomeKit/FAKFontAwesome.m"; sourceTree = "<group>"; };
		8B8D52311B1032CB00157C20 /* FAKFoundationIcons.h */ = {isa = PBXFileReference; lastKnownFileType = sourcecode.c.h; name = FAKFoundationIcons.h; path = "node_modules/react-native-icons/ios/ReactNativeIcons/Libraries/FontAwesomeKit/FAKFoundationIcons.h"; sourceTree = "<group>"; };
		8B8D52321B1032CB00157C20 /* FAKFoundationIcons.m */ = {isa = PBXFileReference; lastKnownFileType = sourcecode.c.objc; name = FAKFoundationIcons.m; path = "node_modules/react-native-icons/ios/ReactNativeIcons/Libraries/FontAwesomeKit/FAKFoundationIcons.m"; sourceTree = "<group>"; };
		8B8D52331B1032CB00157C20 /* FAKIcon.h */ = {isa = PBXFileReference; lastKnownFileType = sourcecode.c.h; name = FAKIcon.h; path = "node_modules/react-native-icons/ios/ReactNativeIcons/Libraries/FontAwesomeKit/FAKIcon.h"; sourceTree = "<group>"; };
		8B8D52341B1032CB00157C20 /* FAKIcon.m */ = {isa = PBXFileReference; lastKnownFileType = sourcecode.c.objc; name = FAKIcon.m; path = "node_modules/react-native-icons/ios/ReactNativeIcons/Libraries/FontAwesomeKit/FAKIcon.m"; sourceTree = "<group>"; };
		8B8D52351B1032CB00157C20 /* FAKIonIcons.h */ = {isa = PBXFileReference; lastKnownFileType = sourcecode.c.h; name = FAKIonIcons.h; path = "node_modules/react-native-icons/ios/ReactNativeIcons/Libraries/FontAwesomeKit/FAKIonIcons.h"; sourceTree = "<group>"; };
		8B8D52361B1032CB00157C20 /* FAKIonIcons.m */ = {isa = PBXFileReference; lastKnownFileType = sourcecode.c.objc; name = FAKIonIcons.m; path = "node_modules/react-native-icons/ios/ReactNativeIcons/Libraries/FontAwesomeKit/FAKIonIcons.m"; sourceTree = "<group>"; };
		8B8D52371B1032CB00157C20 /* FAKZocial.h */ = {isa = PBXFileReference; lastKnownFileType = sourcecode.c.h; name = FAKZocial.h; path = "node_modules/react-native-icons/ios/ReactNativeIcons/Libraries/FontAwesomeKit/FAKZocial.h"; sourceTree = "<group>"; };
		8B8D52381B1032CB00157C20 /* FAKZocial.m */ = {isa = PBXFileReference; lastKnownFileType = sourcecode.c.objc; name = FAKZocial.m; path = "node_modules/react-native-icons/ios/ReactNativeIcons/Libraries/FontAwesomeKit/FAKZocial.m"; sourceTree = "<group>"; };
		8B8D52391B1032CB00157C20 /* FontAwesome.otf */ = {isa = PBXFileReference; lastKnownFileType = file; name = FontAwesome.otf; path = "node_modules/react-native-icons/ios/ReactNativeIcons/Libraries/FontAwesomeKit/FontAwesome.otf"; sourceTree = "<group>"; };
		8B8D523A1B1032CB00157C20 /* FontAwesomeKit.h */ = {isa = PBXFileReference; lastKnownFileType = sourcecode.c.h; name = FontAwesomeKit.h; path = "node_modules/react-native-icons/ios/ReactNativeIcons/Libraries/FontAwesomeKit/FontAwesomeKit.h"; sourceTree = "<group>"; };
		8B8D523B1B1032CB00157C20 /* foundation-icons.ttf */ = {isa = PBXFileReference; lastKnownFileType = file; name = "foundation-icons.ttf"; path = "node_modules/react-native-icons/ios/ReactNativeIcons/Libraries/FontAwesomeKit/foundation-icons.ttf"; sourceTree = "<group>"; };
		8B8D523C1B1032CB00157C20 /* ionicons.ttf */ = {isa = PBXFileReference; lastKnownFileType = file; name = ionicons.ttf; path = "node_modules/react-native-icons/ios/ReactNativeIcons/Libraries/FontAwesomeKit/ionicons.ttf"; sourceTree = "<group>"; };
		8B8D523D1B1032CB00157C20 /* zocial-regular-webfont.ttf */ = {isa = PBXFileReference; lastKnownFileType = file; name = "zocial-regular-webfont.ttf"; path = "node_modules/react-native-icons/ios/ReactNativeIcons/Libraries/FontAwesomeKit/zocial-regular-webfont.ttf"; sourceTree = "<group>"; };
		8BF024D11B12AE9C007D7C7A /* RCTAnimationExperimental.xcodeproj */ = {isa = PBXFileReference; lastKnownFileType = "wrapper.pb-project"; name = RCTAnimationExperimental.xcodeproj; path = "node_modules/react-native/Libraries/Animation/RCTAnimationExperimental.xcodeproj"; sourceTree = "<group>"; };
/* End PBXFileReference section */

/* Begin PBXFrameworksBuildPhase section */
		00E356EB1AD99517003FC87E /* Frameworks */ = {
			isa = PBXFrameworksBuildPhase;
			buildActionMask = 2147483647;
			files = (
			);
			runOnlyForDeploymentPostprocessing = 0;
		};
		13B07F8C1A680F5B00A75B9A /* Frameworks */ = {
			isa = PBXFrameworksBuildPhase;
			buildActionMask = 2147483647;
			files = (
				3276DB491B1CD32A00096F4A /* Bolts.framework in Frameworks */,
				3276DB4B1B1CD32A00096F4A /* FBSDKCoreKit.framework in Frameworks */,
				3276DB4C1B1CD32A00096F4A /* FBSDKLoginKit.framework in Frameworks */,
				8B749EC51B1BBEF700D360EF /* libRNChart.a in Frameworks */,
				8B749EAE1B1BA10700D360EF /* Security.framework in Frameworks */,
				8B749EAC1B1BA10100D360EF /* AVFoundation.framework in Frameworks */,
				8B749EAA1B1BA0FA00D360EF /* AudioToolbox.framework in Frameworks */,
				8B24749E1B1398DD00CF9000 /* libRCTVideo.a in Frameworks */,
				8B8D522E1B10324F00157C20 /* libReactNativeIcons.a in Frameworks */,
				146834051AC3E58100842450 /* libReact.a in Frameworks */,
				00C302E51ABCBA2D00DB3ED1 /* libRCTActionSheet.a in Frameworks */,
				00C302E61ABCBA2D00DB3ED1 /* libRCTAdSupport.a in Frameworks */,
				00C302E71ABCBA2D00DB3ED1 /* libRCTGeolocation.a in Frameworks */,
				00C302E81ABCBA2D00DB3ED1 /* libRCTImage.a in Frameworks */,
				8BF024E31B12AF41007D7C7A /* libRCTAnimationExperimental.a in Frameworks */,
				133E29F31AD74F7200F7D852 /* libRCTLinking.a in Frameworks */,
				00C302E91ABCBA2D00DB3ED1 /* libRCTNetwork.a in Frameworks */,
				139105C61AF99C1200B5F7CC /* libRCTSettings.a in Frameworks */,
				832341BD1AAA6AB300B99B32 /* libRCTText.a in Frameworks */,
				00C302EA1ABCBA2D00DB3ED1 /* libRCTVibration.a in Frameworks */,
				8B749E9A1B1BA0E200D360EF /* Sinch.framework in Frameworks */,
				139FDEF61B0652A700C62182 /* libRCTWebSocket.a in Frameworks */,
			);
			runOnlyForDeploymentPostprocessing = 0;
		};
/* End PBXFrameworksBuildPhase section */

/* Begin PBXGroup section */
		00C302A81ABCB8CE00DB3ED1 /* Products */ = {
			isa = PBXGroup;
			children = (
				00C302AC1ABCB8CE00DB3ED1 /* libRCTActionSheet.a */,
			);
			name = Products;
			sourceTree = "<group>";
		};
		00C302B01ABCB8E700DB3ED1 /* Products */ = {
			isa = PBXGroup;
			children = (
				00C302B41ABCB8E700DB3ED1 /* libRCTAdSupport.a */,
			);
			name = Products;
			sourceTree = "<group>";
		};
		00C302B61ABCB90400DB3ED1 /* Products */ = {
			isa = PBXGroup;
			children = (
				00C302BA1ABCB90400DB3ED1 /* libRCTGeolocation.a */,
			);
			name = Products;
			sourceTree = "<group>";
		};
		00C302BC1ABCB91800DB3ED1 /* Products */ = {
			isa = PBXGroup;
			children = (
				00C302C01ABCB91800DB3ED1 /* libRCTImage.a */,
			);
			name = Products;
			sourceTree = "<group>";
		};
		00C302D41ABCB9D200DB3ED1 /* Products */ = {
			isa = PBXGroup;
			children = (
				00C302DC1ABCB9D200DB3ED1 /* libRCTNetwork.a */,
			);
			name = Products;
			sourceTree = "<group>";
		};
		00C302E01ABCB9EE00DB3ED1 /* Products */ = {
			isa = PBXGroup;
			children = (
				00C302E41ABCB9EE00DB3ED1 /* libRCTVibration.a */,
			);
			name = Products;
			sourceTree = "<group>";
		};
		00E356EF1AD99517003FC87E /* QueUpTests */ = {
			isa = PBXGroup;
			children = (
				00E356F21AD99517003FC87E /* QueUpTests.m */,
				00E356F01AD99517003FC87E /* Supporting Files */,
			);
			path = QueUpTests;
			sourceTree = "<group>";
		};
		00E356F01AD99517003FC87E /* Supporting Files */ = {
			isa = PBXGroup;
			children = (
				00E356F11AD99517003FC87E /* Info.plist */,
			);
			name = "Supporting Files";
			sourceTree = "<group>";
		};
		139105B71AF99BAD00B5F7CC /* Products */ = {
			isa = PBXGroup;
			children = (
				139105C11AF99BAD00B5F7CC /* libRCTSettings.a */,
			);
			name = Products;
			sourceTree = "<group>";
		};
		139FDEE71B06529A00C62182 /* Products */ = {
			isa = PBXGroup;
			children = (
				139FDEF41B06529B00C62182 /* libRCTWebSocket.a */,
			);
			name = Products;
			sourceTree = "<group>";
		};
		13B07FAE1A68108700A75B9A /* QueUp */ = {
			isa = PBXGroup;
			children = (
				3276DB341B1CD28700096F4A /* FacebookLoginManager.h */,
				3276DB351B1CD28700096F4A /* FacebookLoginManager.m */,
				8B749EB71B1BA70C00D360EF /* NativeViewBridge.h */,
				8B749EB81B1BA70C00D360EF /* NativeViewBridge.m */,
				008F07F21AC5B25A0029DE68 /* main.jsbundle */,
				13B07FAF1A68108700A75B9A /* AppDelegate.h */,
				13B07FB01A68108700A75B9A /* AppDelegate.m */,
				13B07FB51A68108700A75B9A /* Images.xcassets */,
				13B07FB61A68108700A75B9A /* Info.plist */,
				13B07FB71A68108700A75B9A /* main.m */,
				8B749EAF1B1BA1DA00D360EF /* Mic.storyboard */,
				8B749EB41B1BA31100D360EF /* MicViewViewController.h */,
				8B749EB51B1BA31100D360EF /* MicViewViewController.m */,
				8B749EBA1B1BAA8400D360EF /* ViewController.h */,
				8B749EBB1B1BAA8400D360EF /* ViewController.m */,
			);
			name = QueUp;
			sourceTree = "<group>";
		};
		146834001AC3E56700842450 /* Products */ = {
			isa = PBXGroup;
			children = (
				146834041AC3E56700842450 /* libReact.a */,
			);
			name = Products;
			sourceTree = "<group>";
		};
		3217771C1B0EFE8E00FCBBF0 /* RNSwiftSocketIO */ = {
			isa = PBXGroup;
			children = (
				3217771D1B0EFE8E00FCBBF0 /* Socket.swift */,
				3217771E1B0EFE8E00FCBBF0 /* SocketBridge.h */,
				3217771F1B0EFE8E00FCBBF0 /* SocketBridge.m */,
				321777201B0EFE8E00FCBBF0 /* SocketIOClient */,
			);
			name = RNSwiftSocketIO;
			path = "node_modules/react-native-swift-socketio/RNSwiftSocketIO";
			sourceTree = "<group>";
		};
		321777201B0EFE8E00FCBBF0 /* SocketIOClient */ = {
			isa = PBXGroup;
			children = (
				321777211B0EFE8E00FCBBF0 /* SocketAckManager.swift */,
				321777221B0EFE8E00FCBBF0 /* SocketAnyEvent.swift */,
				321777231B0EFE8E00FCBBF0 /* SocketEngine.swift */,
				321777241B0EFE8E00FCBBF0 /* SocketEngineClient.swift */,
				321777251B0EFE8E00FCBBF0 /* SocketEventHandler.swift */,
				321777261B0EFE8E00FCBBF0 /* SocketFixUTF8.swift */,
				321777271B0EFE8E00FCBBF0 /* SocketIOClient.swift */,
				321777281B0EFE8E00FCBBF0 /* SocketLogger.swift */,
				321777291B0EFE8E00FCBBF0 /* SocketPacket.swift */,
				3217772A1B0EFE8E00FCBBF0 /* SocketParser.swift */,
				3217772B1B0EFE8E00FCBBF0 /* SocketTypes.swift */,
				3217772C1B0EFE8E00FCBBF0 /* SwiftRegex.swift */,
				3217772D1B0EFE8E00FCBBF0 /* WebSocket.swift */,
			);
			path = SocketIOClient;
			sourceTree = "<group>";
		};
		78C398B11ACF4ADC00677621 /* Products */ = {
			isa = PBXGroup;
			children = (
				78C398B91ACF4ADC00677621 /* libRCTLinking.a */,
			);
			name = Products;
			sourceTree = "<group>";
		};
		832341AE1AAA6A7D00B99B32 /* Libraries */ = {
			isa = PBXGroup;
			children = (
				8B749EBF1B1BBEE700D360EF /* RNChart.xcodeproj */,
				8B2474981B13989D00CF9000 /* RCTVideo.xcodeproj */,
				8BF024D11B12AE9C007D7C7A /* RCTAnimationExperimental.xcodeproj */,
				8B8D521D1B10322E00157C20 /* ReactNativeIcons.xcodeproj */,
				146833FF1AC3E56700842450 /* React.xcodeproj */,
				00C302A71ABCB8CE00DB3ED1 /* RCTActionSheet.xcodeproj */,
				00C302AF1ABCB8E700DB3ED1 /* RCTAdSupport.xcodeproj */,
				00C302B51ABCB90400DB3ED1 /* RCTGeolocation.xcodeproj */,
				00C302BB1ABCB91800DB3ED1 /* RCTImage.xcodeproj */,
				78C398B01ACF4ADC00677621 /* RCTLinking.xcodeproj */,
				00C302D31ABCB9D200DB3ED1 /* RCTNetwork.xcodeproj */,
				139105B61AF99BAD00B5F7CC /* RCTSettings.xcodeproj */,
				832341B01AAA6A8300B99B32 /* RCTText.xcodeproj */,
				00C302DF1ABCB9EE00DB3ED1 /* RCTVibration.xcodeproj */,
				139FDEE61B06529A00C62182 /* RCTWebSocket.xcodeproj */,
			);
			name = Libraries;
			sourceTree = "<group>";
		};
		832341B11AAA6A8300B99B32 /* Products */ = {
			isa = PBXGroup;
			children = (
				832341B51AAA6A8300B99B32 /* libRCTText.a */,
			);
			name = Products;
			sourceTree = "<group>";
		};
		83CBB9F61A601CBA00E9B192 = {
			isa = PBXGroup;
			children = (
				3276DB431B1CD32A00096F4A /* Bolts.framework */,
				3276DB451B1CD32A00096F4A /* FBSDKCoreKit.framework */,
				3276DB461B1CD32A00096F4A /* FBSDKLoginKit.framework */,
				8B749EAD1B1BA10700D360EF /* Security.framework */,
				8B749EAB1B1BA10100D360EF /* AVFoundation.framework */,
				8B749EA91B1BA0FA00D360EF /* AudioToolbox.framework */,
				8B749E991B1BA0E200D360EF /* Sinch.framework */,
				8B8D522F1B1032CB00157C20 /* FAKFontAwesome.h */,
				8B8D52301B1032CB00157C20 /* FAKFontAwesome.m */,
				8B8D52311B1032CB00157C20 /* FAKFoundationIcons.h */,
				8B8D52321B1032CB00157C20 /* FAKFoundationIcons.m */,
				8B8D52331B1032CB00157C20 /* FAKIcon.h */,
				8B8D52341B1032CB00157C20 /* FAKIcon.m */,
				8B8D52351B1032CB00157C20 /* FAKIonIcons.h */,
				8B8D52361B1032CB00157C20 /* FAKIonIcons.m */,
				8B8D52371B1032CB00157C20 /* FAKZocial.h */,
				8B8D52381B1032CB00157C20 /* FAKZocial.m */,
				8B8D52391B1032CB00157C20 /* FontAwesome.otf */,
				8B8D523A1B1032CB00157C20 /* FontAwesomeKit.h */,
				8B8D523B1B1032CB00157C20 /* foundation-icons.ttf */,
				8B8D523C1B1032CB00157C20 /* ionicons.ttf */,
				8B8D523D1B1032CB00157C20 /* zocial-regular-webfont.ttf */,
				3217771C1B0EFE8E00FCBBF0 /* RNSwiftSocketIO */,
				13B07FAE1A68108700A75B9A /* QueUp */,
				832341AE1AAA6A7D00B99B32 /* Libraries */,
				00E356EF1AD99517003FC87E /* QueUpTests */,
				83CBBA001A601CBA00E9B192 /* Products */,
			);
			indentWidth = 2;
			sourceTree = "<group>";
			tabWidth = 2;
		};
		83CBBA001A601CBA00E9B192 /* Products */ = {
			isa = PBXGroup;
			children = (
				13B07F961A680F5B00A75B9A /* QueUp.app */,
				00E356EE1AD99517003FC87E /* QueUpTests.xctest */,
			);
			name = Products;
			sourceTree = "<group>";
		};
		8B2474991B13989D00CF9000 /* Products */ = {
			isa = PBXGroup;
			children = (
				8B24749D1B13989D00CF9000 /* libRCTVideo.a */,
			);
			name = Products;
			sourceTree = "<group>";
		};
		8B749EC01B1BBEE700D360EF /* Products */ = {
			isa = PBXGroup;
			children = (
				8B749EC41B1BBEE700D360EF /* libRNChart.a */,
			);
			name = Products;
			sourceTree = "<group>";
		};
		8B8D521E1B10322E00157C20 /* Products */ = {
			isa = PBXGroup;
			children = (
				8B8D522D1B10322E00157C20 /* libReactNativeIcons.a */,
			);
			name = Products;
			sourceTree = "<group>";
		};
		8BF024D21B12AE9C007D7C7A /* Products */ = {
			isa = PBXGroup;
			children = (
				8BF024D81B12AE9C007D7C7A /* libRCTAnimationExperimental.a */,
			);
			name = Products;
			sourceTree = "<group>";
		};
/* End PBXGroup section */

/* Begin PBXNativeTarget section */
		00E356ED1AD99517003FC87E /* QueUpTests */ = {
			isa = PBXNativeTarget;
			buildConfigurationList = 00E357021AD99517003FC87E /* Build configuration list for PBXNativeTarget "QueUpTests" */;
			buildPhases = (
				00E356EA1AD99517003FC87E /* Sources */,
				00E356EB1AD99517003FC87E /* Frameworks */,
				00E356EC1AD99517003FC87E /* Resources */,
			);
			buildRules = (
			);
			dependencies = (
				00E356F51AD99517003FC87E /* PBXTargetDependency */,
			);
			name = QueUpTests;
			productName = QueUpTests;
			productReference = 00E356EE1AD99517003FC87E /* QueUpTests.xctest */;
			productType = "com.apple.product-type.bundle.unit-test";
		};
		13B07F861A680F5B00A75B9A /* QueUp */ = {
			isa = PBXNativeTarget;
			buildConfigurationList = 13B07F931A680F5B00A75B9A /* Build configuration list for PBXNativeTarget "QueUp" */;
			buildPhases = (
				13B07F871A680F5B00A75B9A /* Sources */,
				13B07F8C1A680F5B00A75B9A /* Frameworks */,
				13B07F8E1A680F5B00A75B9A /* Resources */,
			);
			buildRules = (
			);
			dependencies = (
			);
			name = QueUp;
			productName = "Hello World";
			productReference = 13B07F961A680F5B00A75B9A /* QueUp.app */;
			productType = "com.apple.product-type.application";
		};
/* End PBXNativeTarget section */

/* Begin PBXProject section */
		83CBB9F71A601CBA00E9B192 /* Project object */ = {
			isa = PBXProject;
			attributes = {
				LastUpgradeCheck = 0610;
				ORGANIZATIONNAME = Facebook;
				TargetAttributes = {
					00E356ED1AD99517003FC87E = {
						CreatedOnToolsVersion = 6.2;
						TestTargetID = 13B07F861A680F5B00A75B9A;
					};
				};
			};
			buildConfigurationList = 83CBB9FA1A601CBA00E9B192 /* Build configuration list for PBXProject "QueUp" */;
			compatibilityVersion = "Xcode 3.2";
			developmentRegion = English;
			hasScannedForEncodings = 0;
			knownRegions = (
				en,
				Base,
			);
			mainGroup = 83CBB9F61A601CBA00E9B192;
			productRefGroup = 83CBBA001A601CBA00E9B192 /* Products */;
			projectDirPath = "";
			projectReferences = (
				{
					ProductGroup = 00C302A81ABCB8CE00DB3ED1 /* Products */;
					ProjectRef = 00C302A71ABCB8CE00DB3ED1 /* RCTActionSheet.xcodeproj */;
				},
				{
					ProductGroup = 00C302B01ABCB8E700DB3ED1 /* Products */;
					ProjectRef = 00C302AF1ABCB8E700DB3ED1 /* RCTAdSupport.xcodeproj */;
				},
				{
					ProductGroup = 8BF024D21B12AE9C007D7C7A /* Products */;
					ProjectRef = 8BF024D11B12AE9C007D7C7A /* RCTAnimationExperimental.xcodeproj */;
				},
				{
					ProductGroup = 00C302B61ABCB90400DB3ED1 /* Products */;
					ProjectRef = 00C302B51ABCB90400DB3ED1 /* RCTGeolocation.xcodeproj */;
				},
				{
					ProductGroup = 00C302BC1ABCB91800DB3ED1 /* Products */;
					ProjectRef = 00C302BB1ABCB91800DB3ED1 /* RCTImage.xcodeproj */;
				},
				{
					ProductGroup = 78C398B11ACF4ADC00677621 /* Products */;
					ProjectRef = 78C398B01ACF4ADC00677621 /* RCTLinking.xcodeproj */;
				},
				{
					ProductGroup = 00C302D41ABCB9D200DB3ED1 /* Products */;
					ProjectRef = 00C302D31ABCB9D200DB3ED1 /* RCTNetwork.xcodeproj */;
				},
				{
					ProductGroup = 139105B71AF99BAD00B5F7CC /* Products */;
					ProjectRef = 139105B61AF99BAD00B5F7CC /* RCTSettings.xcodeproj */;
				},
				{
					ProductGroup = 832341B11AAA6A8300B99B32 /* Products */;
					ProjectRef = 832341B01AAA6A8300B99B32 /* RCTText.xcodeproj */;
				},
				{
					ProductGroup = 00C302E01ABCB9EE00DB3ED1 /* Products */;
					ProjectRef = 00C302DF1ABCB9EE00DB3ED1 /* RCTVibration.xcodeproj */;
				},
				{
					ProductGroup = 8B2474991B13989D00CF9000 /* Products */;
					ProjectRef = 8B2474981B13989D00CF9000 /* RCTVideo.xcodeproj */;
				},
				{
					ProductGroup = 139FDEE71B06529A00C62182 /* Products */;
					ProjectRef = 139FDEE61B06529A00C62182 /* RCTWebSocket.xcodeproj */;
				},
				{
					ProductGroup = 146834001AC3E56700842450 /* Products */;
					ProjectRef = 146833FF1AC3E56700842450 /* React.xcodeproj */;
				},
				{
					ProductGroup = 8B8D521E1B10322E00157C20 /* Products */;
					ProjectRef = 8B8D521D1B10322E00157C20 /* ReactNativeIcons.xcodeproj */;
				},
				{
					ProductGroup = 8B749EC01B1BBEE700D360EF /* Products */;
					ProjectRef = 8B749EBF1B1BBEE700D360EF /* RNChart.xcodeproj */;
				},
			);
			projectRoot = "";
			targets = (
				13B07F861A680F5B00A75B9A /* QueUp */,
				00E356ED1AD99517003FC87E /* QueUpTests */,
			);
		};
/* End PBXProject section */

/* Begin PBXReferenceProxy section */
		00C302AC1ABCB8CE00DB3ED1 /* libRCTActionSheet.a */ = {
			isa = PBXReferenceProxy;
			fileType = archive.ar;
			path = libRCTActionSheet.a;
			remoteRef = 00C302AB1ABCB8CE00DB3ED1 /* PBXContainerItemProxy */;
			sourceTree = BUILT_PRODUCTS_DIR;
		};
		00C302B41ABCB8E700DB3ED1 /* libRCTAdSupport.a */ = {
			isa = PBXReferenceProxy;
			fileType = archive.ar;
			path = libRCTAdSupport.a;
			remoteRef = 00C302B31ABCB8E700DB3ED1 /* PBXContainerItemProxy */;
			sourceTree = BUILT_PRODUCTS_DIR;
		};
		00C302BA1ABCB90400DB3ED1 /* libRCTGeolocation.a */ = {
			isa = PBXReferenceProxy;
			fileType = archive.ar;
			path = libRCTGeolocation.a;
			remoteRef = 00C302B91ABCB90400DB3ED1 /* PBXContainerItemProxy */;
			sourceTree = BUILT_PRODUCTS_DIR;
		};
		00C302C01ABCB91800DB3ED1 /* libRCTImage.a */ = {
			isa = PBXReferenceProxy;
			fileType = archive.ar;
			path = libRCTImage.a;
			remoteRef = 00C302BF1ABCB91800DB3ED1 /* PBXContainerItemProxy */;
			sourceTree = BUILT_PRODUCTS_DIR;
		};
		00C302DC1ABCB9D200DB3ED1 /* libRCTNetwork.a */ = {
			isa = PBXReferenceProxy;
			fileType = archive.ar;
			path = libRCTNetwork.a;
			remoteRef = 00C302DB1ABCB9D200DB3ED1 /* PBXContainerItemProxy */;
			sourceTree = BUILT_PRODUCTS_DIR;
		};
		00C302E41ABCB9EE00DB3ED1 /* libRCTVibration.a */ = {
			isa = PBXReferenceProxy;
			fileType = archive.ar;
			path = libRCTVibration.a;
			remoteRef = 00C302E31ABCB9EE00DB3ED1 /* PBXContainerItemProxy */;
			sourceTree = BUILT_PRODUCTS_DIR;
		};
		139105C11AF99BAD00B5F7CC /* libRCTSettings.a */ = {
			isa = PBXReferenceProxy;
			fileType = archive.ar;
			path = libRCTSettings.a;
			remoteRef = 139105C01AF99BAD00B5F7CC /* PBXContainerItemProxy */;
			sourceTree = BUILT_PRODUCTS_DIR;
		};
		139FDEF41B06529B00C62182 /* libRCTWebSocket.a */ = {
			isa = PBXReferenceProxy;
			fileType = archive.ar;
			path = libRCTWebSocket.a;
			remoteRef = 139FDEF31B06529B00C62182 /* PBXContainerItemProxy */;
			sourceTree = BUILT_PRODUCTS_DIR;
		};
		146834041AC3E56700842450 /* libReact.a */ = {
			isa = PBXReferenceProxy;
			fileType = archive.ar;
			path = libReact.a;
			remoteRef = 146834031AC3E56700842450 /* PBXContainerItemProxy */;
			sourceTree = BUILT_PRODUCTS_DIR;
		};
		78C398B91ACF4ADC00677621 /* libRCTLinking.a */ = {
			isa = PBXReferenceProxy;
			fileType = archive.ar;
			path = libRCTLinking.a;
			remoteRef = 78C398B81ACF4ADC00677621 /* PBXContainerItemProxy */;
			sourceTree = BUILT_PRODUCTS_DIR;
		};
		832341B51AAA6A8300B99B32 /* libRCTText.a */ = {
			isa = PBXReferenceProxy;
			fileType = archive.ar;
			path = libRCTText.a;
			remoteRef = 832341B41AAA6A8300B99B32 /* PBXContainerItemProxy */;
			sourceTree = BUILT_PRODUCTS_DIR;
		};
		8B24749D1B13989D00CF9000 /* libRCTVideo.a */ = {
			isa = PBXReferenceProxy;
			fileType = archive.ar;
			path = libRCTVideo.a;
			remoteRef = 8B24749C1B13989D00CF9000 /* PBXContainerItemProxy */;
			sourceTree = BUILT_PRODUCTS_DIR;
		};
		8B749EC41B1BBEE700D360EF /* libRNChart.a */ = {
			isa = PBXReferenceProxy;
			fileType = archive.ar;
			path = libRNChart.a;
			remoteRef = 8B749EC31B1BBEE700D360EF /* PBXContainerItemProxy */;
			sourceTree = BUILT_PRODUCTS_DIR;
		};
		8B8D522D1B10322E00157C20 /* libReactNativeIcons.a */ = {
			isa = PBXReferenceProxy;
			fileType = archive.ar;
			path = libReactNativeIcons.a;
			remoteRef = 8B8D522C1B10322E00157C20 /* PBXContainerItemProxy */;
			sourceTree = BUILT_PRODUCTS_DIR;
		};
		8BF024D81B12AE9C007D7C7A /* libRCTAnimationExperimental.a */ = {
			isa = PBXReferenceProxy;
			fileType = archive.ar;
			path = libRCTAnimationExperimental.a;
			remoteRef = 8BF024D71B12AE9C007D7C7A /* PBXContainerItemProxy */;
			sourceTree = BUILT_PRODUCTS_DIR;
		};
/* End PBXReferenceProxy section */

/* Begin PBXResourcesBuildPhase section */
		00E356EC1AD99517003FC87E /* Resources */ = {
			isa = PBXResourcesBuildPhase;
			buildActionMask = 2147483647;
			files = (
			);
			runOnlyForDeploymentPostprocessing = 0;
		};
		13B07F8E1A680F5B00A75B9A /* Resources */ = {
			isa = PBXResourcesBuildPhase;
			buildActionMask = 2147483647;
			files = (
				8B8D523E1B1032CB00157C20 /* FAKFontAwesome.h in Resources */,
				8B8D523F1B1032CB00157C20 /* FAKFontAwesome.m in Resources */,
				8B8D52401B1032CB00157C20 /* FAKFoundationIcons.h in Resources */,
				8B8D52411B1032CB00157C20 /* FAKFoundationIcons.m in Resources */,
				8B8D52421B1032CB00157C20 /* FAKIcon.h in Resources */,
				8B8D52431B1032CB00157C20 /* FAKIcon.m in Resources */,
				8B8D52441B1032CB00157C20 /* FAKIonIcons.h in Resources */,
				8B8D52451B1032CB00157C20 /* FAKIonIcons.m in Resources */,
				8B8D52461B1032CB00157C20 /* FAKZocial.h in Resources */,
				8B8D52471B1032CB00157C20 /* FAKZocial.m in Resources */,
				8B8D52481B1032CB00157C20 /* FontAwesome.otf in Resources */,
				8B8D52491B1032CB00157C20 /* FontAwesomeKit.h in Resources */,
				8B749EB01B1BA1DA00D360EF /* Mic.storyboard in Resources */,
				8B8D524A1B1032CB00157C20 /* foundation-icons.ttf in Resources */,
				8B8D524B1B1032CB00157C20 /* ionicons.ttf in Resources */,
				8B8D524C1B1032CB00157C20 /* zocial-regular-webfont.ttf in Resources */,
				008F07F31AC5B25A0029DE68 /* main.jsbundle in Resources */,
				13B07FBF1A68108700A75B9A /* Images.xcassets in Resources */,
			);
			runOnlyForDeploymentPostprocessing = 0;
		};
/* End PBXResourcesBuildPhase section */

/* Begin PBXSourcesBuildPhase section */
		00E356EA1AD99517003FC87E /* Sources */ = {
			isa = PBXSourcesBuildPhase;
			buildActionMask = 2147483647;
			files = (
				00E356F31AD99517003FC87E /* QueUpTests.m in Sources */,
			);
			runOnlyForDeploymentPostprocessing = 0;
		};
		13B07F871A680F5B00A75B9A /* Sources */ = {
			isa = PBXSourcesBuildPhase;
			buildActionMask = 2147483647;
			files = (
				8B749EBC1B1BAA8400D360EF /* ViewController.m in Sources */,
				13B07FBC1A68108700A75B9A /* AppDelegate.m in Sources */,
				321777351B0EFE8E00FCBBF0 /* SocketFixUTF8.swift in Sources */,
				3276DB361B1CD28700096F4A /* FacebookLoginManager.m in Sources */,
				321777371B0EFE8E00FCBBF0 /* SocketLogger.swift in Sources */,
				3217773C1B0EFE8E00FCBBF0 /* WebSocket.swift in Sources */,
				3217773B1B0EFE8E00FCBBF0 /* SwiftRegex.swift in Sources */,
				321777391B0EFE8E00FCBBF0 /* SocketParser.swift in Sources */,
				321777331B0EFE8E00FCBBF0 /* SocketEngineClient.swift in Sources */,
				321777301B0EFE8E00FCBBF0 /* SocketAckManager.swift in Sources */,
				321777341B0EFE8E00FCBBF0 /* SocketEventHandler.swift in Sources */,
				3217773A1B0EFE8E00FCBBF0 /* SocketTypes.swift in Sources */,
				321777381B0EFE8E00FCBBF0 /* SocketPacket.swift in Sources */,
				8B749EB91B1BA70C00D360EF /* NativeViewBridge.m in Sources */,
				321777361B0EFE8E00FCBBF0 /* SocketIOClient.swift in Sources */,
				321777311B0EFE8E00FCBBF0 /* SocketAnyEvent.swift in Sources */,
				321777321B0EFE8E00FCBBF0 /* SocketEngine.swift in Sources */,
				13B07FC11A68108700A75B9A /* main.m in Sources */,
				8B749EB61B1BA31100D360EF /* MicViewViewController.m in Sources */,
				3217772E1B0EFE8E00FCBBF0 /* Socket.swift in Sources */,
				3217772F1B0EFE8E00FCBBF0 /* SocketBridge.m in Sources */,
			);
			runOnlyForDeploymentPostprocessing = 0;
		};
/* End PBXSourcesBuildPhase section */

/* Begin PBXTargetDependency section */
		00E356F51AD99517003FC87E /* PBXTargetDependency */ = {
			isa = PBXTargetDependency;
			target = 13B07F861A680F5B00A75B9A /* QueUp */;
			targetProxy = 00E356F41AD99517003FC87E /* PBXContainerItemProxy */;
		};
/* End PBXTargetDependency section */

/* Begin XCBuildConfiguration section */
		00E356F61AD99517003FC87E /* Debug */ = {
			isa = XCBuildConfiguration;
			buildSettings = {
				BUNDLE_LOADER = "$(TEST_HOST)";
				FRAMEWORK_SEARCH_PATHS = (
					"$(SDKROOT)/Developer/Library/Frameworks",
					"$(inherited)",
				);
				GCC_PREPROCESSOR_DEFINITIONS = (
					"DEBUG=1",
					"$(inherited)",
				);
				INFOPLIST_FILE = QueUpTests/Info.plist;
				IPHONEOS_DEPLOYMENT_TARGET = 8.2;
				LD_RUNPATH_SEARCH_PATHS = "$(inherited) @executable_path/Frameworks @loader_path/Frameworks";
				PRODUCT_NAME = "$(TARGET_NAME)";
				TEST_HOST = "$(BUILT_PRODUCTS_DIR)/QueUp.app/QueUp";
			};
			name = Debug;
		};
		00E356F71AD99517003FC87E /* Release */ = {
			isa = XCBuildConfiguration;
			buildSettings = {
				BUNDLE_LOADER = "$(TEST_HOST)";
				COPY_PHASE_STRIP = NO;
				FRAMEWORK_SEARCH_PATHS = (
					"$(SDKROOT)/Developer/Library/Frameworks",
					"$(inherited)",
				);
				INFOPLIST_FILE = QueUpTests/Info.plist;
				IPHONEOS_DEPLOYMENT_TARGET = 8.2;
				LD_RUNPATH_SEARCH_PATHS = "$(inherited) @executable_path/Frameworks @loader_path/Frameworks";
				PRODUCT_NAME = "$(TARGET_NAME)";
				TEST_HOST = "$(BUILT_PRODUCTS_DIR)/QueUp.app/QueUp";
			};
			name = Release;
		};
		13B07F941A680F5B00A75B9A /* Debug */ = {
			isa = XCBuildConfiguration;
			buildSettings = {
				ASSETCATALOG_COMPILER_APPICON_NAME = AppIcon;
				ASSETCATALOG_COMPILER_LAUNCHIMAGE_NAME = LaunchImage;
				EMBEDDED_CONTENT_CONTAINS_SWIFT = YES;
				FRAMEWORK_SEARCH_PATHS = (
					"$(inherited)",
					"$(PROJECT_DIR)",
					/Users/johnpizzo/Documents/FacebookSDK,
				);
				HEADER_SEARCH_PATHS = (
					"$(inherited)",
					/Applications/Xcode.app/Contents/Developer/Toolchains/XcodeDefault.xctoolchain/usr/include,
					"$(SRCROOT)/node_modules/react-native/React/**",
				);
				INFOPLIST_FILE = "$(SRCROOT)/iOS/Info.plist";
				LD_RUNPATH_SEARCH_PATHS = "$(inherited) @executable_path/Frameworks";
				OTHER_LDFLAGS = (
					"-ObjC",
					"-ObjC",
					"-Xlinker",
					"-lc++",
				);
				PRECOMPS_INCLUDE_HEADERS_FROM_BUILT_PRODUCTS_DIR = NO;
				PRODUCT_NAME = QueUp;
				SCAN_ALL_SOURCE_FILES_FOR_INCLUDES = NO;
				SWIFT_OBJC_BRIDGING_HEADER = "node_modules/react-native-swift-socketio/RNSwiftSocketIO/SocketBridge.h";
				USER_HEADER_SEARCH_PATHS = "";
			};
			name = Debug;
		};
		13B07F951A680F5B00A75B9A /* Release */ = {
			isa = XCBuildConfiguration;
			buildSettings = {
				ASSETCATALOG_COMPILER_APPICON_NAME = AppIcon;
				ASSETCATALOG_COMPILER_LAUNCHIMAGE_NAME = LaunchImage;
				EMBEDDED_CONTENT_CONTAINS_SWIFT = YES;
				FRAMEWORK_SEARCH_PATHS = (
					"$(inherited)",
					"$(PROJECT_DIR)",
					/Users/johnpizzo/Documents/FacebookSDK,
				);
				HEADER_SEARCH_PATHS = (
					"$(inherited)",
					/Applications/Xcode.app/Contents/Developer/Toolchains/XcodeDefault.xctoolchain/usr/include,
					"$(SRCROOT)/node_modules/react-native/React/**",
				);
				INFOPLIST_FILE = "$(SRCROOT)/iOS/Info.plist";
				LD_RUNPATH_SEARCH_PATHS = "$(inherited) @executable_path/Frameworks";
				OTHER_LDFLAGS = "-ObjC";
				PRECOMPS_INCLUDE_HEADERS_FROM_BUILT_PRODUCTS_DIR = NO;
				PRODUCT_NAME = QueUp;
				SCAN_ALL_SOURCE_FILES_FOR_INCLUDES = NO;
				SWIFT_OBJC_BRIDGING_HEADER = "node_modules/react-native-swift-socketio/RNSwiftSocketIO/SocketBridge.h";
			};
			name = Release;
		};
		83CBBA201A601CBA00E9B192 /* Debug */ = {
			isa = XCBuildConfiguration;
			buildSettings = {
				ALWAYS_SEARCH_USER_PATHS = NO;
				CLANG_CXX_LANGUAGE_STANDARD = "gnu++0x";
				CLANG_CXX_LIBRARY = "libc++";
				CLANG_ENABLE_MODULES = YES;
				CLANG_ENABLE_OBJC_ARC = YES;
				CLANG_WARN_BOOL_CONVERSION = YES;
				CLANG_WARN_CONSTANT_CONVERSION = YES;
				CLANG_WARN_DIRECT_OBJC_ISA_USAGE = YES_ERROR;
				CLANG_WARN_EMPTY_BODY = YES;
				CLANG_WARN_ENUM_CONVERSION = YES;
				CLANG_WARN_INT_CONVERSION = YES;
				CLANG_WARN_OBJC_ROOT_CLASS = YES_ERROR;
				CLANG_WARN_UNREACHABLE_CODE = YES;
				CLANG_WARN__DUPLICATE_METHOD_MATCH = YES;
				"CODE_SIGN_IDENTITY[sdk=iphoneos*]" = "iPhone Developer";
				COPY_PHASE_STRIP = NO;
				ENABLE_STRICT_OBJC_MSGSEND = YES;
				GCC_C_LANGUAGE_STANDARD = gnu99;
				GCC_DYNAMIC_NO_PIC = NO;
				GCC_OPTIMIZATION_LEVEL = 0;
				GCC_PREPROCESSOR_DEFINITIONS = (
					"DEBUG=1",
					"$(inherited)",
				);
				GCC_SYMBOLS_PRIVATE_EXTERN = NO;
				GCC_WARN_64_TO_32_BIT_CONVERSION = YES;
				GCC_WARN_ABOUT_RETURN_TYPE = YES_ERROR;
				GCC_WARN_UNDECLARED_SELECTOR = YES;
				GCC_WARN_UNINITIALIZED_AUTOS = YES_AGGRESSIVE;
				GCC_WARN_UNUSED_FUNCTION = YES;
				GCC_WARN_UNUSED_VARIABLE = YES;
				HEADER_SEARCH_PATHS = (
					"$(inherited)",
					/Applications/Xcode.app/Contents/Developer/Toolchains/XcodeDefault.xctoolchain/usr/include,
					"$(SRCROOT)/node_modules/react-native/React/**",
					"$(SRCROOT)/../../React/**",
				);
				IPHONEOS_DEPLOYMENT_TARGET = 7.0;
				MTL_ENABLE_DEBUG_INFO = YES;
				ONLY_ACTIVE_ARCH = YES;
				SDKROOT = iphoneos;
			};
			name = Debug;
		};
		83CBBA211A601CBA00E9B192 /* Release */ = {
			isa = XCBuildConfiguration;
			buildSettings = {
				ALWAYS_SEARCH_USER_PATHS = NO;
				CLANG_CXX_LANGUAGE_STANDARD = "gnu++0x";
				CLANG_CXX_LIBRARY = "libc++";
				CLANG_ENABLE_MODULES = YES;
				CLANG_ENABLE_OBJC_ARC = YES;
				CLANG_WARN_BOOL_CONVERSION = YES;
				CLANG_WARN_CONSTANT_CONVERSION = YES;
				CLANG_WARN_DIRECT_OBJC_ISA_USAGE = YES_ERROR;
				CLANG_WARN_EMPTY_BODY = YES;
				CLANG_WARN_ENUM_CONVERSION = YES;
				CLANG_WARN_INT_CONVERSION = YES;
				CLANG_WARN_OBJC_ROOT_CLASS = YES_ERROR;
				CLANG_WARN_UNREACHABLE_CODE = YES;
				CLANG_WARN__DUPLICATE_METHOD_MATCH = YES;
				"CODE_SIGN_IDENTITY[sdk=iphoneos*]" = "iPhone Developer";
				COPY_PHASE_STRIP = YES;
				ENABLE_NS_ASSERTIONS = NO;
				ENABLE_STRICT_OBJC_MSGSEND = YES;
				GCC_C_LANGUAGE_STANDARD = gnu99;
				GCC_WARN_64_TO_32_BIT_CONVERSION = YES;
				GCC_WARN_ABOUT_RETURN_TYPE = YES_ERROR;
				GCC_WARN_UNDECLARED_SELECTOR = YES;
				GCC_WARN_UNINITIALIZED_AUTOS = YES_AGGRESSIVE;
				GCC_WARN_UNUSED_FUNCTION = YES;
				GCC_WARN_UNUSED_VARIABLE = YES;
				HEADER_SEARCH_PATHS = (
					"$(inherited)",
					/Applications/Xcode.app/Contents/Developer/Toolchains/XcodeDefault.xctoolchain/usr/include,
					"$(SRCROOT)/node_modules/react-native/React/**",
				);
				IPHONEOS_DEPLOYMENT_TARGET = 7.0;
				MTL_ENABLE_DEBUG_INFO = NO;
				SDKROOT = iphoneos;
				VALIDATE_PRODUCT = YES;
			};
			name = Release;
		};
/* End XCBuildConfiguration section */

/* Begin XCConfigurationList section */
		00E357021AD99517003FC87E /* Build configuration list for PBXNativeTarget "QueUpTests" */ = {
			isa = XCConfigurationList;
			buildConfigurations = (
				00E356F61AD99517003FC87E /* Debug */,
				00E356F71AD99517003FC87E /* Release */,
			);
			defaultConfigurationIsVisible = 0;
			defaultConfigurationName = Release;
		};
		13B07F931A680F5B00A75B9A /* Build configuration list for PBXNativeTarget "QueUp" */ = {
			isa = XCConfigurationList;
			buildConfigurations = (
				13B07F941A680F5B00A75B9A /* Debug */,
				13B07F951A680F5B00A75B9A /* Release */,
			);
			defaultConfigurationIsVisible = 0;
			defaultConfigurationName = Release;
		};
		83CBB9FA1A601CBA00E9B192 /* Build configuration list for PBXProject "QueUp" */ = {
			isa = XCConfigurationList;
			buildConfigurations = (
				83CBBA201A601CBA00E9B192 /* Debug */,
				83CBBA211A601CBA00E9B192 /* Release */,
			);
			defaultConfigurationIsVisible = 0;
			defaultConfigurationName = Release;
		};
/* End XCConfigurationList section */
	};
	rootObject = 83CBB9F71A601CBA00E9B192 /* Project object */;
}
